
Microsoft Visual Studio Solution File, Format Version 12.00
# Visual Studio Version 17
VisualStudioVersion = 17.0.32014.148
MinimumVisualStudioVersion = 10.0.40219.1
Project("{8BC9CEB8-8B4A-11D0-8D11-00A0C91BC942}") = "Counting Sort", "Counting Sort\Counting Sort.vcxproj", "{08E0CF81-1DBA-45C2-9097-F817A3F0C1D6}"
EndProject
Global
	GlobalSection(SolutionConfigurationPlatforms) = preSolution
		Debug|x64 = Debug|x64
		Debug|x86 = Debug|x86
		Release|x64 = Release|x64
		Release|x86 = Release|x86
	EndGlobalSection
	GlobalSection(ProjectConfigurationPlatforms) = postSolution
		{08E0CF81-1DBA-45C2-9097-F817A3F0C1D6}.Debug|x64.ActiveCfg = Debug|x64
		{08E0CF81-1DBA-45C2-9097-F817A3F0C1D6}.Debug|x64.Build.0 = Debug|x64
		{08E0CF81-1DBA-45C2-9097-F817A3F0C1D6}.Debug|x86.ActiveCfg = Debug|Win32
		{08E0CF81-1DBA-45C2-9097-F817A3F0C1D6}.Debug|x86.Build.0 = Debug|Win32
		{08E0CF81-1DBA-45C2-9097-F817A3F0C1D6}.Release|x64.ActiveCfg = Release|x64
		{08E0CF81-1DBA-45C2-9097-F817A3F0C1D6}.Release|x64.Build.0 = Release|x64
		{08E0CF81-1DBA-45C2-9097-F817A3F0C1D6}.Release|x86.ActiveCfg = Release|Win32
		{08E0CF81-1DBA-45C2-9097-F817A3F0C1D6}.Release|x86.Build.0 = Release|Win32
	EndGlobalSection
	GlobalSection(SolutionProperties) = preSolution
		HideSolutionNode = FALSE
	EndGlobalSection
	GlobalSection(ExtensibilityGlobals) = postSolution
		SolutionGuid = {64800A2D-BFC5-44CC-B28C-C4D3882B9B09}
	EndGlobalSection
EndGlobal
